{
  "name": "@collaboratory/emitterware-cli-example",
  "version": "1.0.0",
  "lockfileVersion": 1,
  "requires": true,
  "dependencies": {
    "@emitterware/app": {
      "version": "0.1.0",
      "resolved": "https://registry.npmjs.org/@emitterware/app/-/app-0.1.0.tgz",
      "integrity": "sha512-ttAq1p8hdeIDGqC9e+Od/DHbi6OrAzrEu/1zTk8MoTmryC+6jZPantdeEgJO+bPKAt7l4U0XSY1/3PPB46jFCA==",
      "dev": true,
      "requires": {
        "@emitterware/emitterware": "^0.0.5"
      }
    },
    "@emitterware/emitterware": {
      "version": "0.0.5",
      "resolved": "https://registry.npmjs.org/@emitterware/emitterware/-/emitterware-0.0.5.tgz",
      "integrity": "sha512-Q/9AWkTvhFbxaTVWJ5WSqagRlwnxNxdBGrbKoLw2Zwv+fKoIYUtiSh5zLqOwoiez7JxivFqzlhZWaCYBvIdEAg==",
      "dev": true,
      "requires": {
        "@emitterware/middleware": "^0.0.5"
      }
    },
    "@emitterware/middleware": {
      "version": "0.0.5",
      "resolved": "https://registry.npmjs.org/@emitterware/middleware/-/middleware-0.0.5.tgz",
      "integrity": "sha512-0+qcJjgTzBS9yBeNGG1/9cQ4o8LCsbBMOarcLvtwLyV197yYAyZlLvSUgwlYft9gWW4cqDAcNb6Q2skj525fxw==",
      "dev": true,
      "requires": {
        "@emitterware/safe-callback": "^0.0.5"
      }
    },
    "@emitterware/safe-callback": {
      "version": "0.0.5",
      "resolved": "https://registry.npmjs.org/@emitterware/safe-callback/-/safe-callback-0.0.5.tgz",
      "integrity": "sha512-XeiSqXUSl2RY2jLKy1HYXnYVNrtbCwgEPSpX++xnS6B9M0JIVBkauwzR4yvgocRROO8uCpOAavSWPQaLhLXp+g==",
      "dev": true
    }
  }
}
