lockfileVersion: 5.3

specifiers:
  '@emitterware/core': ^2.0.0
  ws: ^7.5.0

dependencies:
  '@emitterware/core': link:../core

devDependencies:
  ws: 7.5.0

packages:

  /ws/7.5.0:
    resolution: {integrity: sha512-6ezXvzOZupqKj4jUqbQ9tXuJNo+BR2gU8fFRk3XCP3e0G6WT414u5ELe6Y0vtp7kmSJ3F7YWObSNr1ESsgi4vw==}
    engines: {node: '>=8.3.0'}
    peerDependencies:
      bufferutil: ^4.0.1
      utf-8-validate: ^5.0.2
    peerDependenciesMeta:
      bufferutil:
        optional: true
      utf-8-validate:
        optional: true
    dev: true
