# THIS IS AN AUTOGENERATED FILE. DO NOT EDIT THIS FILE DIRECTLY.
# yarn lockfile v1


"@collaboratory/map-factory@^0.1.3":
  version "0.1.3"
  resolved "https://registry.yarnpkg.com/@collaboratory/map-factory/-/map-factory-0.1.3.tgz#7b1f60fb80ab70bc4266e556a85b107cd95026a9"

"@collaboratory/schrodinger@^0.1.3":
  version "0.1.3"
  resolved "https://registry.yarnpkg.com/@collaboratory/schrodinger/-/schrodinger-0.1.3.tgz#0469677df0e75cae8df6002b8082d2b4d4b84272"

rhetoric@^0.1.4:
  version "0.1.4"
  resolved "https://registry.yarnpkg.com/rhetoric/-/rhetoric-0.1.4.tgz#16dbd35b4f05b51bb289d407aba2ed26c0d8074a"
  dependencies:
    "@collaboratory/map-factory" "^0.1.3"
    "@collaboratory/schrodinger" "^0.1.3"
