{
  "name": "@emitterware/observable",
  "version": "0.0.1",
  "lockfileVersion": 1,
  "requires": true,
  "dependencies": {
    "@emitterware/emitter": {
      "version": "0.0.1"
    },
    "@emitterware/middleware": {
      "version": "0.0.5",
      "resolved": "https://registry.npmjs.org/@emitterware/middleware/-/middleware-0.0.5.tgz",
      "integrity": "sha512-0+qcJjgTzBS9yBeNGG1/9cQ4o8LCsbBMOarcLvtwLyV197yYAyZlLvSUgwlYft9gWW4cqDAcNb6Q2skj525fxw==",
      "dev": true,
      "requires": {
        "@emitterware/safe-callback": "^0.0.5"
      }
    },
    "@emitterware/safe-callback": {
      "version": "0.0.5",
      "resolved": "https://registry.npmjs.org/@emitterware/safe-callback/-/safe-callback-0.0.5.tgz",
      "integrity": "sha512-XeiSqXUSl2RY2jLKy1HYXnYVNrtbCwgEPSpX++xnS6B9M0JIVBkauwzR4yvgocRROO8uCpOAavSWPQaLhLXp+g==",
      "dev": true
    }
  }
}
